
Microsoft Visual Studio Solution File, Format Version 12.00
# Visual Studio Version 17
VisualStudioVersion = 17.9.34728.123
MinimumVisualStudioVersion = 10.0.40219.1
Project("{9A19103F-16F7-4668-BE54-9A1E7A4F7556}") = "Assignment4.Domain", "Assignment4.Domain\Assignment4.Domain.csproj", "{ADEC796D-6AB8-4E9B-B27F-3F9ACB298510}"
EndProject
Project("{9A19103F-16F7-4668-BE54-9A1E7A4F7556}") = "Assignment4.Infrastructure", "Assignment4.Infrastructure\Assignment4.Infrastructure.csproj", "{C5213B92-1F38-4B3D-A844-44D0E8B6DC11}"
EndProject
Project("{9A19103F-16F7-4668-BE54-9A1E7A4F7556}") = "Assignment4.WebApp", "Assignment4.WebApp\Assignment4.WebApp.csproj", "{97A8EE60-A91A-4861-A55A-E90A0C0C0C4A}"
EndProject
Project("{FAE04EC0-301F-11D3-BF4B-00C04F79EFBC}") = "Assignment4.Services", "Assignment4.Services\Assignment4.Services.csproj", "{52171537-5F06-4BE2-96CB-FA5B1232080C}"
EndProject
Global
	GlobalSection(SolutionConfigurationPlatforms) = preSolution
		Debug|Any CPU = Debug|Any CPU
		Release|Any CPU = Release|Any CPU
	EndGlobalSection
	GlobalSection(ProjectConfigurationPlatforms) = postSolution
		{ADEC796D-6AB8-4E9B-B27F-3F9ACB298510}.Debug|Any CPU.ActiveCfg = Debug|Any CPU
		{ADEC796D-6AB8-4E9B-B27F-3F9ACB298510}.Debug|Any CPU.Build.0 = Debug|Any CPU
		{ADEC796D-6AB8-4E9B-B27F-3F9ACB298510}.Release|Any CPU.ActiveCfg = Release|Any CPU
		{ADEC796D-6AB8-4E9B-B27F-3F9ACB298510}.Release|Any CPU.Build.0 = Release|Any CPU
		{C5213B92-1F38-4B3D-A844-44D0E8B6DC11}.Debug|Any CPU.ActiveCfg = Debug|Any CPU
		{C5213B92-1F38-4B3D-A844-44D0E8B6DC11}.Debug|Any CPU.Build.0 = Debug|Any CPU
		{C5213B92-1F38-4B3D-A844-44D0E8B6DC11}.Release|Any CPU.ActiveCfg = Release|Any CPU
		{C5213B92-1F38-4B3D-A844-44D0E8B6DC11}.Release|Any CPU.Build.0 = Release|Any CPU
		{97A8EE60-A91A-4861-A55A-E90A0C0C0C4A}.Debug|Any CPU.ActiveCfg = Debug|Any CPU
		{97A8EE60-A91A-4861-A55A-E90A0C0C0C4A}.Debug|Any CPU.Build.0 = Debug|Any CPU
		{97A8EE60-A91A-4861-A55A-E90A0C0C0C4A}.Release|Any CPU.ActiveCfg = Release|Any CPU
		{97A8EE60-A91A-4861-A55A-E90A0C0C0C4A}.Release|Any CPU.Build.0 = Release|Any CPU
		{52171537-5F06-4BE2-96CB-FA5B1232080C}.Debug|Any CPU.ActiveCfg = Debug|Any CPU
		{52171537-5F06-4BE2-96CB-FA5B1232080C}.Debug|Any CPU.Build.0 = Debug|Any CPU
		{52171537-5F06-4BE2-96CB-FA5B1232080C}.Release|Any CPU.ActiveCfg = Release|Any CPU
		{52171537-5F06-4BE2-96CB-FA5B1232080C}.Release|Any CPU.Build.0 = Release|Any CPU
	EndGlobalSection
	GlobalSection(SolutionProperties) = preSolution
		HideSolutionNode = FALSE
	EndGlobalSection
	GlobalSection(ExtensibilityGlobals) = postSolution
		SolutionGuid = {5D17FF96-0FAA-473C-8859-27F1BA9A9EFE}
	EndGlobalSection
EndGlobal
